
Microsoft Visual Studio Solution File, Format Version 12.00
Project("{FAE04EC0-301F-11D3-BF4B-00C04F79EFBC}") = "Assignment_2", "Assignment_2\Assignment_2.csproj", "{82EA52AD-5DBE-48AE-99C1-281BC7262875}"
EndProject
Global
	GlobalSection(SolutionConfigurationPlatforms) = preSolution
		Debug|Any CPU = Debug|Any CPU
		Release|Any CPU = Release|Any CPU
	EndGlobalSection
	GlobalSection(ProjectConfigurationPlatforms) = postSolution
		{82EA52AD-5DBE-48AE-99C1-281BC7262875}.Debug|Any CPU.ActiveCfg = Debug|Any CPU
		{82EA52AD-5DBE-48AE-99C1-281BC7262875}.Debug|Any CPU.Build.0 = Debug|Any CPU
		{82EA52AD-5DBE-48AE-99C1-281BC7262875}.Release|Any CPU.ActiveCfg = Release|Any CPU
		{82EA52AD-5DBE-48AE-99C1-281BC7262875}.Release|Any CPU.Build.0 = Release|Any CPU
	EndGlobalSection
EndGlobal
